
Microsoft Visual Studio Solution File, Format Version 12.00
# Visual Studio Version 16
VisualStudioVersion = 16.0.31112.23
MinimumVisualStudioVersion = 10.0.40219.1
Project("{9A19103F-16F7-4668-BE54-9A1E7A4F7556}") = "StorePhone", "Educational_project\StorePhone.csproj", "{98E52DB0-C401-4BB9-85BF-E15A5127A935}"
EndProject
Project("{FAE04EC0-301F-11D3-BF4B-00C04F79EFBC}") = "Delivery discount", "Delivery discount\Delivery discount.csproj", "{74E7461B-16F1-4F59-93E0-58DE6B32C49F}"
EndProject
Global
	GlobalSection(SolutionConfigurationPlatforms) = preSolution
		Debug|Any CPU = Debug|Any CPU
		Release|Any CPU = Release|Any CPU
	EndGlobalSection
	GlobalSection(ProjectConfigurationPlatforms) = postSolution
		{98E52DB0-C401-4BB9-85BF-E15A5127A935}.Debug|Any CPU.ActiveCfg = Debug|Any CPU
		{98E52DB0-C401-4BB9-85BF-E15A5127A935}.Debug|Any CPU.Build.0 = Debug|Any CPU
		{98E52DB0-C401-4BB9-85BF-E15A5127A935}.Release|Any CPU.ActiveCfg = Release|Any CPU
		{98E52DB0-C401-4BB9-85BF-E15A5127A935}.Release|Any CPU.Build.0 = Release|Any CPU
		{74E7461B-16F1-4F59-93E0-58DE6B32C49F}.Debug|Any CPU.ActiveCfg = Debug|Any CPU
		{74E7461B-16F1-4F59-93E0-58DE6B32C49F}.Debug|Any CPU.Build.0 = Debug|Any CPU
		{74E7461B-16F1-4F59-93E0-58DE6B32C49F}.Release|Any CPU.ActiveCfg = Release|Any CPU
		{74E7461B-16F1-4F59-93E0-58DE6B32C49F}.Release|Any CPU.Build.0 = Release|Any CPU
	EndGlobalSection
	GlobalSection(SolutionProperties) = preSolution
		HideSolutionNode = FALSE
	EndGlobalSection
	GlobalSection(ExtensibilityGlobals) = postSolution
		SolutionGuid = {30677952-E0A8-4AFA-8B8D-13142B31A092}
	EndGlobalSection
EndGlobal
