
Microsoft Visual Studio Solution File, Format Version 12.00
# Visual Studio Version 16
VisualStudioVersion = 16.0.31112.23
MinimumVisualStudioVersion = 10.0.40219.1
Project("{FAE04EC0-301F-11D3-BF4B-00C04F79EFBC}") = "Educational_project", "Educational_project\Educational_project.csproj", "{98E52DB0-C401-4BB9-85BF-E15A5127A935}"
EndProject
Global
	GlobalSection(SolutionConfigurationPlatforms) = preSolution
		Debug|Any CPU = Debug|Any CPU
		Release|Any CPU = Release|Any CPU
	EndGlobalSection
	GlobalSection(ProjectConfigurationPlatforms) = postSolution
		{98E52DB0-C401-4BB9-85BF-E15A5127A935}.Debug|Any CPU.ActiveCfg = Debug|Any CPU
		{98E52DB0-C401-4BB9-85BF-E15A5127A935}.Debug|Any CPU.Build.0 = Debug|Any CPU
		{98E52DB0-C401-4BB9-85BF-E15A5127A935}.Release|Any CPU.ActiveCfg = Release|Any CPU
		{98E52DB0-C401-4BB9-85BF-E15A5127A935}.Release|Any CPU.Build.0 = Release|Any CPU
	EndGlobalSection
	GlobalSection(SolutionProperties) = preSolution
		HideSolutionNode = FALSE
	EndGlobalSection
	GlobalSection(ExtensibilityGlobals) = postSolution
		SolutionGuid = {30677952-E0A8-4AFA-8B8D-13142B31A092}
	EndGlobalSection
EndGlobal
